
Microsoft Visual Studio Solution File, Format Version 12.00
# Visual Studio Version 17
VisualStudioVersion = 17.3.32901.215
MinimumVisualStudioVersion = 10.0.40219.1
Project("{FAE04EC0-301F-11D3-BF4B-00C04F79EFBC}") = "Student_API_Controllers", "Student_API_Controllers.csproj", "{898479EB-D24A-4B47-85C8-AEF8B42FAA5B}"
EndProject
Global
	GlobalSection(SolutionConfigurationPlatforms) = preSolution
		Debug|Any CPU = Debug|Any CPU
		Release|Any CPU = Release|Any CPU
	EndGlobalSection
	GlobalSection(ProjectConfigurationPlatforms) = postSolution
		{898479EB-D24A-4B47-85C8-AEF8B42FAA5B}.Debug|Any CPU.ActiveCfg = Debug|Any CPU
		{898479EB-D24A-4B47-85C8-AEF8B42FAA5B}.Debug|Any CPU.Build.0 = Debug|Any CPU
		{898479EB-D24A-4B47-85C8-AEF8B42FAA5B}.Release|Any CPU.ActiveCfg = Release|Any CPU
		{898479EB-D24A-4B47-85C8-AEF8B42FAA5B}.Release|Any CPU.Build.0 = Release|Any CPU
	EndGlobalSection
	GlobalSection(SolutionProperties) = preSolution
		HideSolutionNode = FALSE
	EndGlobalSection
	GlobalSection(ExtensibilityGlobals) = postSolution
		SolutionGuid = {366663A8-55D7-4E3B-8029-3033C0F4ECE9}
	EndGlobalSection
EndGlobal
