
Microsoft Visual Studio Solution File, Format Version 12.00
# Visual Studio Version 17
VisualStudioVersion = 17.3.32901.215
MinimumVisualStudioVersion = 10.0.40219.1
Project("{FAE04EC0-301F-11D3-BF4B-00C04F79EFBC}") = "SchoolApp", "SchoolApp.csproj", "{9D6109B7-B13A-4B2D-A589-17CF89957385}"
EndProject
Global
	GlobalSection(SolutionConfigurationPlatforms) = preSolution
		Debug|Any CPU = Debug|Any CPU
		Release|Any CPU = Release|Any CPU
	EndGlobalSection
	GlobalSection(ProjectConfigurationPlatforms) = postSolution
		{9D6109B7-B13A-4B2D-A589-17CF89957385}.Debug|Any CPU.ActiveCfg = Debug|Any CPU
		{9D6109B7-B13A-4B2D-A589-17CF89957385}.Debug|Any CPU.Build.0 = Debug|Any CPU
		{9D6109B7-B13A-4B2D-A589-17CF89957385}.Release|Any CPU.ActiveCfg = Release|Any CPU
		{9D6109B7-B13A-4B2D-A589-17CF89957385}.Release|Any CPU.Build.0 = Release|Any CPU
	EndGlobalSection
	GlobalSection(SolutionProperties) = preSolution
		HideSolutionNode = FALSE
	EndGlobalSection
	GlobalSection(ExtensibilityGlobals) = postSolution
		SolutionGuid = {EB5D08C8-C1B5-454F-A4B7-76F571FB351E}
	EndGlobalSection
EndGlobal
