
Microsoft Visual Studio Solution File, Format Version 12.00
# Visual Studio Version 17
VisualStudioVersion = 17.3.32929.385
MinimumVisualStudioVersion = 10.0.40219.1
Project("{FAE04EC0-301F-11D3-BF4B-00C04F79EFBC}") = "Nortwind_API", "Nortwind_API.csproj", "{B1748817-2CE6-4D21-B950-868239BC94DB}"
EndProject
Global
	GlobalSection(SolutionConfigurationPlatforms) = preSolution
		Debug|Any CPU = Debug|Any CPU
		Release|Any CPU = Release|Any CPU
	EndGlobalSection
	GlobalSection(ProjectConfigurationPlatforms) = postSolution
		{B1748817-2CE6-4D21-B950-868239BC94DB}.Debug|Any CPU.ActiveCfg = Debug|Any CPU
		{B1748817-2CE6-4D21-B950-868239BC94DB}.Debug|Any CPU.Build.0 = Debug|Any CPU
		{B1748817-2CE6-4D21-B950-868239BC94DB}.Release|Any CPU.ActiveCfg = Release|Any CPU
		{B1748817-2CE6-4D21-B950-868239BC94DB}.Release|Any CPU.Build.0 = Release|Any CPU
	EndGlobalSection
	GlobalSection(SolutionProperties) = preSolution
		HideSolutionNode = FALSE
	EndGlobalSection
	GlobalSection(ExtensibilityGlobals) = postSolution
		SolutionGuid = {0F08BA84-4B29-489C-808B-7A092A68D6A4}
	EndGlobalSection
EndGlobal
